
Microsoft Visual Studio Solution File, Format Version 12.00
# Visual Studio Version 16
VisualStudioVersion = 16.0.31702.278
MinimumVisualStudioVersion = 10.0.40219.1
Project("{FAE04EC0-301F-11D3-BF4B-00C04F79EFBC}") = "SchoolManagementSystem", "SchoolManagementSystem.csproj", "{8DA40930-8301-4FA5-8B25-80A2B9D2A034}"
EndProject
Global
	GlobalSection(SolutionConfigurationPlatforms) = preSolution
		Debug|Any CPU = Debug|Any CPU
		Release|Any CPU = Release|Any CPU
	EndGlobalSection
	GlobalSection(ProjectConfigurationPlatforms) = postSolution
		{8DA40930-8301-4FA5-8B25-80A2B9D2A034}.Debug|Any CPU.ActiveCfg = Debug|Any CPU
		{8DA40930-8301-4FA5-8B25-80A2B9D2A034}.Debug|Any CPU.Build.0 = Debug|Any CPU
		{8DA40930-8301-4FA5-8B25-80A2B9D2A034}.Release|Any CPU.ActiveCfg = Release|Any CPU
		{8DA40930-8301-4FA5-8B25-80A2B9D2A034}.Release|Any CPU.Build.0 = Release|Any CPU
	EndGlobalSection
	GlobalSection(SolutionProperties) = preSolution
		HideSolutionNode = FALSE
	EndGlobalSection
	GlobalSection(ExtensibilityGlobals) = postSolution
		SolutionGuid = {A4EB1BB2-49C0-4F27-B886-5EA932830D3A}
	EndGlobalSection
EndGlobal
